
Microsoft Visual Studio Solution File, Format Version 12.00
# Visual Studio Version 17
VisualStudioVersion = 17.1.32421.90
MinimumVisualStudioVersion = 10.0.40219.1
Project("{FAE04EC0-301F-11D3-BF4B-00C04F79EFBC}") = "Vector2.0", "Vector2.0\Vector2.0.csproj", "{19B09FE2-F6F4-4FD4-9AEF-DCD8276B8D1F}"
EndProject
Global
	GlobalSection(SolutionConfigurationPlatforms) = preSolution
		Debug|Any CPU = Debug|Any CPU
		Release|Any CPU = Release|Any CPU
	EndGlobalSection
	GlobalSection(ProjectConfigurationPlatforms) = postSolution
		{19B09FE2-F6F4-4FD4-9AEF-DCD8276B8D1F}.Debug|Any CPU.ActiveCfg = Debug|Any CPU
		{19B09FE2-F6F4-4FD4-9AEF-DCD8276B8D1F}.Debug|Any CPU.Build.0 = Debug|Any CPU
		{19B09FE2-F6F4-4FD4-9AEF-DCD8276B8D1F}.Release|Any CPU.ActiveCfg = Release|Any CPU
		{19B09FE2-F6F4-4FD4-9AEF-DCD8276B8D1F}.Release|Any CPU.Build.0 = Release|Any CPU
	EndGlobalSection
	GlobalSection(SolutionProperties) = preSolution
		HideSolutionNode = FALSE
	EndGlobalSection
	GlobalSection(ExtensibilityGlobals) = postSolution
		SolutionGuid = {B5980EDA-06AB-48D9-A513-6584B1FEE70D}
	EndGlobalSection
EndGlobal
